
Microsoft Visual Studio Solution File, Format Version 12.00
# Visual Studio Version 17
VisualStudioVersion = 17.3.32929.385
MinimumVisualStudioVersion = 10.0.40219.1
Project("{8BC9CEB8-8B4A-11D0-8D11-00A0C91BC942}") = "OpenGL", "OpenGL\OpenGL.vcxproj", "{D99FC31C-CE15-467C-9DE5-F7F11D5A7011}"
EndProject
Global
	GlobalSection(SolutionConfigurationPlatforms) = preSolution
		Debug|x64 = Debug|x64
		Debug|x86 = Debug|x86
		Dist|x64 = Dist|x64
		Dist|x86 = Dist|x86
		Release|x64 = Release|x64
		Release|x86 = Release|x86
	EndGlobalSection
	GlobalSection(ProjectConfigurationPlatforms) = postSolution
		{D99FC31C-CE15-467C-9DE5-F7F11D5A7011}.Debug|x64.ActiveCfg = Debug|x64
		{D99FC31C-CE15-467C-9DE5-F7F11D5A7011}.Debug|x64.Build.0 = Debug|x64
		{D99FC31C-CE15-467C-9DE5-F7F11D5A7011}.Debug|x86.ActiveCfg = Debug|Win32
		{D99FC31C-CE15-467C-9DE5-F7F11D5A7011}.Debug|x86.Build.0 = Debug|Win32
		{D99FC31C-CE15-467C-9DE5-F7F11D5A7011}.Dist|x64.ActiveCfg = Dist|x64
		{D99FC31C-CE15-467C-9DE5-F7F11D5A7011}.Dist|x64.Build.0 = Dist|x64
		{D99FC31C-CE15-467C-9DE5-F7F11D5A7011}.Dist|x86.ActiveCfg = Dist|Win32
		{D99FC31C-CE15-467C-9DE5-F7F11D5A7011}.Dist|x86.Build.0 = Dist|Win32
		{D99FC31C-CE15-467C-9DE5-F7F11D5A7011}.Release|x64.ActiveCfg = Release|x64
		{D99FC31C-CE15-467C-9DE5-F7F11D5A7011}.Release|x64.Build.0 = Release|x64
		{D99FC31C-CE15-467C-9DE5-F7F11D5A7011}.Release|x86.ActiveCfg = Release|Win32
		{D99FC31C-CE15-467C-9DE5-F7F11D5A7011}.Release|x86.Build.0 = Release|Win32
	EndGlobalSection
	GlobalSection(SolutionProperties) = preSolution
		HideSolutionNode = FALSE
	EndGlobalSection
	GlobalSection(ExtensibilityGlobals) = postSolution
		SolutionGuid = {29F46D5F-FD88-4CF2-963D-07FEDC1C0DF1}
	EndGlobalSection
EndGlobal
